
Microsoft Visual Studio Solution File, Format Version 12.00
# Visual Studio Version 17
VisualStudioVersion = 17.5.002.0
MinimumVisualStudioVersion = 10.0.40219.1
Project("{9A19103F-16F7-4668-BE54-9A1E7A4F7556}") = "AcademyWebApi.Tests", "AcademyWebApi.Tests.csproj", "{6C834B01-8DF8-4E01-85A4-8756F88A9126}"
EndProject
Global
	GlobalSection(SolutionConfigurationPlatforms) = preSolution
		Debug|Any CPU = Debug|Any CPU
		Release|Any CPU = Release|Any CPU
	EndGlobalSection
	GlobalSection(ProjectConfigurationPlatforms) = postSolution
		{6C834B01-8DF8-4E01-85A4-8756F88A9126}.Debug|Any CPU.ActiveCfg = Debug|Any CPU
		{6C834B01-8DF8-4E01-85A4-8756F88A9126}.Debug|Any CPU.Build.0 = Debug|Any CPU
		{6C834B01-8DF8-4E01-85A4-8756F88A9126}.Release|Any CPU.ActiveCfg = Release|Any CPU
		{6C834B01-8DF8-4E01-85A4-8756F88A9126}.Release|Any CPU.Build.0 = Release|Any CPU
	EndGlobalSection
	GlobalSection(SolutionProperties) = preSolution
		HideSolutionNode = FALSE
	EndGlobalSection
	GlobalSection(ExtensibilityGlobals) = postSolution
		SolutionGuid = {3F1A1347-8787-4A2A-B800-BB6A7628C578}
	EndGlobalSection
EndGlobal
